
Microsoft Visual Studio Solution File, Format Version 12.00
# Visual Studio Version 16
VisualStudioVersion = 16.0.31613.86
MinimumVisualStudioVersion = 10.0.40219.1
Project("{9A19103F-16F7-4668-BE54-9A1E7A4F7556}") = "HobbyRadarAPI", "HobbyRadarAPI\HobbyRadarAPI.csproj", "{F42E9A86-0D5B-4ECE-BB22-663475BF4F31}"
EndProject
Global
	GlobalSection(SolutionConfigurationPlatforms) = preSolution
		Debug|Any CPU = Debug|Any CPU
		Release|Any CPU = Release|Any CPU
	EndGlobalSection
	GlobalSection(ProjectConfigurationPlatforms) = postSolution
		{F42E9A86-0D5B-4ECE-BB22-663475BF4F31}.Debug|Any CPU.ActiveCfg = Debug|Any CPU
		{F42E9A86-0D5B-4ECE-BB22-663475BF4F31}.Debug|Any CPU.Build.0 = Debug|Any CPU
		{F42E9A86-0D5B-4ECE-BB22-663475BF4F31}.Release|Any CPU.ActiveCfg = Release|Any CPU
		{F42E9A86-0D5B-4ECE-BB22-663475BF4F31}.Release|Any CPU.Build.0 = Release|Any CPU
	EndGlobalSection
	GlobalSection(SolutionProperties) = preSolution
		HideSolutionNode = FALSE
	EndGlobalSection
	GlobalSection(ExtensibilityGlobals) = postSolution
		SolutionGuid = {DF4B4D26-5FB9-4C36-91DD-9BF833E66474}
	EndGlobalSection
EndGlobal
